// !$*UTF8*$!
{
	archiveVersion = 1;
	classes = {
	};
	objectVersion = 77;
	objects = {

/* Begin PBXContainerItemProxy section */
		48B2CCC42E5EACBA00D5686E /* PBXContainerItemProxy */ = {
			isa = PBXContainerItemProxy;
			containerPortal = 48B2CCA92E5EACB800D5686E /* Project object */;
			proxyType = 1;
			remoteGlobalIDString = 48B2CCB02E5EACB800D5686E;
			remoteInfo = HeightMeasureApp;
		};
		48B2CCCE2E5EACBA00D5686E /* PBXContainerItemProxy */ = {
			isa = PBXContainerItemProxy;
			containerPortal = 48B2CCA92E5EACB800D5686E /* Project object */;
			proxyType = 1;
			remoteGlobalIDString = 48B2CCB02E5EACB800D5686E;
			remoteInfo = HeightMeasureApp;
		};
/* End PBXContainerItemProxy section */

/* Begin PBXFileReference section */
		48B2CCB12E5EACB800D5686E /* HeightMeasureApp.app */ = {isa = PBXFileReference; explicitFileType = wrapper.application; includeInIndex = 0; path = HeightMeasureApp.app; sourceTree = BUILT_PRODUCTS_DIR; };
		48B2CCC32E5EACBA00D5686E /* HeightMeasureAppTests.xctest */ = {isa = PBXFileReference; explicitFileType = wrapper.cfbundle; includeInIndex = 0; path = HeightMeasureAppTests.xctest; sourceTree = BUILT_PRODUCTS_DIR; };
		48B2CCCD2E5EACBA00D5686E /* HeightMeasureAppUITests.xctest */ = {isa = PBXFileReference; explicitFileType = wrapper.cfbundle; includeInIndex = 0; path = HeightMeasureAppUITests.xctest; sourceTree = BUILT_PRODUCTS_DIR; };
/* End PBXFileReference section */

/* Begin PBXFileSystemSynchronizedRootGroup section */
		48B2CCB32E5EACB800D5686E /* HeightMeasureApp */ = {
			isa = PBXFileSystemSynchronizedRootGroup;
			path = HeightMeasureApp;
			sourceTree = "<group>";
		};
		48B2CCC62E5EACBA00D5686E /* HeightMeasureAppTests */ = {
			isa = PBXFileSystemSynchronizedRootGroup;
			path = HeightMeasureAppTests;
			sourceTree = "<group>";
		};
		48B2CCD02E5EACBA00D5686E /* HeightMeasureAppUITests */ = {
			isa = PBXFileSystemSynchronizedRootGroup;
			path = HeightMeasureAppUITests;
			sourceTree = "<group>";
		};
/* End PBXFileSystemSynchronizedRootGroup section */

/* Begin PBXFrameworksBuildPhase section */
		48B2CCAE2E5EACB800D5686E /* Frameworks */ = {
			isa = PBXFrameworksBuildPhase;
			buildActionMask = 2147483647;
			files = (
			);
			runOnlyForDeploymentPostprocessing = 0;
		};
		48B2CCC02E5EACBA00D5686E /* Frameworks */ = {
			isa = PBXFrameworksBuildPhase;
			buildActionMask = 2147483647;
			files = (
			);
			runOnlyForDeploymentPostprocessing = 0;
		};
		48B2CCCA2E5EACBA00D5686E /* Frameworks */ = {
			isa = PBXFrameworksBuildPhase;
			buildActionMask = 2147483647;
			files = (
			);
			runOnlyForDeploymentPostprocessing = 0;
		};
/* End PBXFrameworksBuildPhase section */

/* Begin PBXGroup section */
		48B2CCA82E5EACB800D5686E = {
			isa = PBXGroup;
			children = (
				48B2CCB32E5EACB800D5686E /* HeightMeasureApp */,
				48B2CCC62E5EACBA00D5686E /* HeightMeasureAppTests */,
				48B2CCD02E5EACBA00D5686E /* HeightMeasureAppUITests */,
				48B2CCB22E5EACB800D5686E /* Products */,
			);
			sourceTree = "<group>";
		};
		48B2CCB22E5EACB800D5686E /* Products */ = {
			isa = PBXGroup;
			children = (
				48B2CCB12E5EACB800D5686E /* HeightMeasureApp.app */,
				48B2CCC32E5EACBA00D5686E /* HeightMeasureAppTests.xctest */,
				48B2CCCD2E5EACBA00D5686E /* HeightMeasureAppUITests.xctest */,
			);
			name = Products;
			sourceTree = "<group>";
		};
/* End PBXGroup section */

/* Begin PBXNativeTarget section */
		48B2CCB02E5EACB800D5686E /* HeightMeasureApp */ = {
			isa = PBXNativeTarget;
			buildConfigurationList = 48B2CCD72E5EACBA00D5686E /* Build configuration list for PBXNativeTarget "HeightMeasureApp" */;
			buildPhases = (
				48B2CCAD2E5EACB800D5686E /* Sources */,
				48B2CCAE2E5EACB800D5686E /* Frameworks */,
				48B2CCAF2E5EACB800D5686E /* Resources */,
			);
			buildRules = (
			);
			dependencies = (
			);
			fileSystemSynchronizedGroups = (
				48B2CCB32E5EACB800D5686E /* HeightMeasureApp */,
			);
			name = HeightMeasureApp;
			packageProductDependencies = (
			);
			productName = HeightMeasureApp;
			productReference = 48B2CCB12E5EACB800D5686E /* HeightMeasureApp.app */;
			productType = "com.apple.product-type.application";
		};
		48B2CCC22E5EACBA00D5686E /* HeightMeasureAppTests */ = {
			isa = PBXNativeTarget;
			buildConfigurationList = 48B2CCDA2E5EACBA00D5686E /* Build configuration list for PBXNativeTarget "HeightMeasureAppTests" */;
			buildPhases = (
				48B2CCBF2E5EACBA00D5686E /* Sources */,
				48B2CCC02E5EACBA00D5686E /* Frameworks */,
				48B2CCC12E5EACBA00D5686E /* Resources */,
			);
			buildRules = (
			);
			dependencies = (
				48B2CCC52E5EACBA00D5686E /* PBXTargetDependency */,
			);
			fileSystemSynchronizedGroups = (
				48B2CCC62E5EACBA00D5686E /* HeightMeasureAppTests */,
			);
			name = HeightMeasureAppTests;
			packageProductDependencies = (
			);
			productName = HeightMeasureAppTests;
			productReference = 48B2CCC32E5EACBA00D5686E /* HeightMeasureAppTests.xctest */;
			productType = "com.apple.product-type.bundle.unit-test";
		};
		48B2CCCC2E5EACBA00D5686E /* HeightMeasureAppUITests */ = {
			isa = PBXNativeTarget;
			buildConfigurationList = 48B2CCDD2E5EACBA00D5686E /* Build configuration list for PBXNativeTarget "HeightMeasureAppUITests" */;
			buildPhases = (
				48B2CCC92E5EACBA00D5686E /* Sources */,
				48B2CCCA2E5EACBA00D5686E /* Frameworks */,
				48B2CCCB2E5EACBA00D5686E /* Resources */,
			);
			buildRules = (
			);
			dependencies = (
				48B2CCCF2E5EACBA00D5686E /* PBXTargetDependency */,
			);
			fileSystemSynchronizedGroups = (
				48B2CCD02E5EACBA00D5686E /* HeightMeasureAppUITests */,
			);
			name = HeightMeasureAppUITests;
			packageProductDependencies = (
			);
			productName = HeightMeasureAppUITests;
			productReference = 48B2CCCD2E5EACBA00D5686E /* HeightMeasureAppUITests.xctest */;
			productType = "com.apple.product-type.bundle.ui-testing";
		};
/* End PBXNativeTarget section */

/* Begin PBXProject section */
		48B2CCA92E5EACB800D5686E /* Project object */ = {
			isa = PBXProject;
			attributes = {
				BuildIndependentTargetsInParallel = 1;
				LastSwiftUpdateCheck = 1640;
				LastUpgradeCheck = 1640;
				TargetAttributes = {
					48B2CCB02E5EACB800D5686E = {
						CreatedOnToolsVersion = 16.4;
					};
					48B2CCC22E5EACBA00D5686E = {
						CreatedOnToolsVersion = 16.4;
						TestTargetID = 48B2CCB02E5EACB800D5686E;
					};
					48B2CCCC2E5EACBA00D5686E = {
						CreatedOnToolsVersion = 16.4;
						TestTargetID = 48B2CCB02E5EACB800D5686E;
					};
				};
			};
			buildConfigurationList = 48B2CCAC2E5EACB800D5686E /* Build configuration list for PBXProject "HeightMeasureApp" */;
			developmentRegion = en;
			hasScannedForEncodings = 0;
			knownRegions = (
				en,
				Base,
			);
			mainGroup = 48B2CCA82E5EACB800D5686E;
			minimizedProjectReferenceProxies = 1;
			preferredProjectObjectVersion = 77;
			productRefGroup = 48B2CCB22E5EACB800D5686E /* Products */;
			projectDirPath = "";
			projectRoot = "";
			targets = (
				48B2CCB02E5EACB800D5686E /* HeightMeasureApp */,
				48B2CCC22E5EACBA00D5686E /* HeightMeasureAppTests */,
				48B2CCCC2E5EACBA00D5686E /* HeightMeasureAppUITests */,
			);
		};
/* End PBXProject section */

/* Begin PBXResourcesBuildPhase section */
		48B2CCAF2E5EACB800D5686E /* Resources */ = {
			isa = PBXResourcesBuildPhase;
			buildActionMask = 2147483647;
			files = (
			);
			runOnlyForDeploymentPostprocessing = 0;
		};
		48B2CCC12E5EACBA00D5686E /* Resources */ = {
			isa = PBXResourcesBuildPhase;
			buildActionMask = 2147483647;
			files = (
			);
			runOnlyForDeploymentPostprocessing = 0;
		};
		48B2CCCB2E5EACBA00D5686E /* Resources */ = {
			isa = PBXResourcesBuildPhase;
			buildActionMask = 2147483647;
			files = (
			);
			runOnlyForDeploymentPostprocessing = 0;
		};
/* End PBXResourcesBuildPhase section */

/* Begin PBXSourcesBuildPhase section */
		48B2CCAD2E5EACB800D5686E /* Sources */ = {
			isa = PBXSourcesBuildPhase;
			buildActionMask = 2147483647;
			files = (
			);
			runOnlyForDeploymentPostprocessing = 0;
		};
		48B2CCBF2E5EACBA00D5686E /* Sources */ = {
			isa = PBXSourcesBuildPhase;
			buildActionMask = 2147483647;
			files = (
			);
			runOnlyForDeploymentPostprocessing = 0;
		};
		48B2CCC92E5EACBA00D5686E /* Sources */ = {
			isa = PBXSourcesBuildPhase;
			buildActionMask = 2147483647;
			files = (
			);
			runOnlyForDeploymentPostprocessing = 0;
		};
/* End PBXSourcesBuildPhase section */

/* Begin PBXTargetDependency section */
		48B2CCC52E5EACBA00D5686E /* PBXTargetDependency */ = {
			isa = PBXTargetDependency;
			target = 48B2CCB02E5EACB800D5686E /* HeightMeasureApp */;
			targetProxy = 48B2CCC42E5EACBA00D5686E /* PBXContainerItemProxy */;
		};
		48B2CCCF2E5EACBA00D5686E /* PBXTargetDependency */ = {
			isa = PBXTargetDependency;
			target = 48B2CCB02E5EACB800D5686E /* HeightMeasureApp */;
			targetProxy = 48B2CCCE2E5EACBA00D5686E /* PBXContainerItemProxy */;
		};
/* End PBXTargetDependency section */

/* Begin XCBuildConfiguration section */
		48B2CCD52E5EACBA00D5686E /* Debug */ = {
			isa = XCBuildConfiguration;
			buildSettings = {
				ALWAYS_SEARCH_USER_PATHS = NO;
				ASSETCATALOG_COMPILER_GENERATE_SWIFT_ASSET_SYMBOL_EXTENSIONS = YES;
				CLANG_ANALYZER_NONNULL = YES;
				CLANG_ANALYZER_NUMBER_OBJECT_CONVERSION = YES_AGGRESSIVE;
				CLANG_CXX_LANGUAGE_STANDARD = "gnu++20";
				CLANG_ENABLE_MODULES = YES;
				CLANG_ENABLE_OBJC_ARC = YES;
				CLANG_ENABLE_OBJC_WEAK = YES;
				CLANG_WARN_BLOCK_CAPTURE_AUTORELEASING = YES;
				CLANG_WARN_BOOL_CONVERSION = YES;
				CLANG_WARN_COMMA = YES;
				CLANG_WARN_CONSTANT_CONVERSION = YES;
				CLANG_WARN_DEPRECATED_OBJC_IMPLEMENTATIONS = YES;
				CLANG_WARN_DIRECT_OBJC_ISA_USAGE = YES_ERROR;
				CLANG_WARN_DOCUMENTATION_COMMENTS = YES;
				CLANG_WARN_EMPTY_BODY = YES;
				CLANG_WARN_ENUM_CONVERSION = YES;
				CLANG_WARN_INFINITE_RECURSION = YES;
				CLANG_WARN_INT_CONVERSION = YES;
				CLANG_WARN_NON_LITERAL_NULL_CONVERSION = YES;
				CLANG_WARN_OBJC_IMPLICIT_RETAIN_SELF = YES;
				CLANG_WARN_OBJC_LITERAL_CONVERSION = YES;
				CLANG_WARN_OBJC_ROOT_CLASS = YES_ERROR;
				CLANG_WARN_QUOTED_INCLUDE_IN_FRAMEWORK_HEADER = YES;
				CLANG_WARN_RANGE_LOOP_ANALYSIS = YES;
				CLANG_WARN_STRICT_PROTOTYPES = YES;
				CLANG_WARN_SUSPICIOUS_MOVE = YES;
				CLANG_WARN_UNGUARDED_AVAILABILITY = YES_AGGRESSIVE;
				CLANG_WARN_UNREACHABLE_CODE = YES;
				CLANG_WARN__DUPLICATE_METHOD_MATCH = YES;
				COPY_PHASE_STRIP = NO;
				DEBUG_INFORMATION_FORMAT = dwarf;
				DEVELOPMENT_TEAM = 6NQ3SKX8FS;
				ENABLE_STRICT_OBJC_MSGSEND = YES;
				ENABLE_TESTABILITY = YES;
				ENABLE_USER_SCRIPT_SANDBOXING = YES;
				GCC_C_LANGUAGE_STANDARD = gnu17;
				GCC_DYNAMIC_NO_PIC = NO;
				GCC_NO_COMMON_BLOCKS = YES;
				GCC_OPTIMIZATION_LEVEL = 0;
				GCC_PREPROCESSOR_DEFINITIONS = (
					"DEBUG=1",
					"$(inherited)",
				);
				GCC_WARN_64_TO_32_BIT_CONVERSION = YES;
				GCC_WARN_ABOUT_RETURN_TYPE = YES_ERROR;
				GCC_WARN_UNDECLARED_SELECTOR = YES;
				GCC_WARN_UNINITIALIZED_AUTOS = YES_AGGRESSIVE;
				GCC_WARN_UNUSED_FUNCTION = YES;
				GCC_WARN_UNUSED_VARIABLE = YES;
				IPHONEOS_DEPLOYMENT_TARGET = 18.5;
				LOCALIZATION_PREFERS_STRING_CATALOGS = YES;
				MTL_ENABLE_DEBUG_INFO = INCLUDE_SOURCE;
				MTL_FAST_MATH = YES;
				ONLY_ACTIVE_ARCH = YES;
				SDKROOT = iphoneos;
				SWIFT_ACTIVE_COMPILATION_CONDITIONS = "DEBUG $(inherited)";
				SWIFT_OPTIMIZATION_LEVEL = "-Onone";
			};
			name = Debug;
		};
		48B2CCD62E5EACBA00D5686E /* Release */ = {
			isa = XCBuildConfiguration;
			buildSettings = {
				ALWAYS_SEARCH_USER_PATHS = NO;
				ASSETCATALOG_COMPILER_GENERATE_SWIFT_ASSET_SYMBOL_EXTENSIONS = YES;
				CLANG_ANALYZER_NONNULL = YES;
				CLANG_ANALYZER_NUMBER_OBJECT_CONVERSION = YES_AGGRESSIVE;
				CLANG_CXX_LANGUAGE_STANDARD = "gnu++20";
				CLANG_ENABLE_MODULES = YES;
				CLANG_ENABLE_OBJC_ARC = YES;
				CLANG_ENABLE_OBJC_WEAK = YES;
				CLANG_WARN_BLOCK_CAPTURE_AUTORELEASING = YES;
				CLANG_WARN_BOOL_CONVERSION = YES;
				CLANG_WARN_COMMA = YES;
				CLANG_WARN_CONSTANT_CONVERSION = YES;
				CLANG_WARN_DEPRECATED_OBJC_IMPLEMENTATIONS = YES;
				CLANG_WARN_DIRECT_OBJC_ISA_USAGE = YES_ERROR;
				CLANG_WARN_DOCUMENTATION_COMMENTS = YES;
				CLANG_WARN_EMPTY_BODY = YES;
				CLANG_WARN_ENUM_CONVERSION = YES;
				CLANG_WARN_INFINITE_RECURSION = YES;
				CLANG_WARN_INT_CONVERSION = YES;
				CLANG_WARN_NON_LITERAL_NULL_CONVERSION = YES;
				CLANG_WARN_OBJC_IMPLICIT_RETAIN_SELF = YES;
				CLANG_WARN_OBJC_LITERAL_CONVERSION = YES;
				CLANG_WARN_OBJC_ROOT_CLASS = YES_ERROR;
				CLANG_WARN_QUOTED_INCLUDE_IN_FRAMEWORK_HEADER = YES;
				CLANG_WARN_RANGE_LOOP_ANALYSIS = YES;
				CLANG_WARN_STRICT_PROTOTYPES = YES;
				CLANG_WARN_SUSPICIOUS_MOVE = YES;
				CLANG_WARN_UNGUARDED_AVAILABILITY = YES_AGGRESSIVE;
				CLANG_WARN_UNREACHABLE_CODE = YES;
				CLANG_WARN__DUPLICATE_METHOD_MATCH = YES;
				COPY_PHASE_STRIP = NO;
				DEBUG_INFORMATION_FORMAT = "dwarf-with-dsym";
				DEVELOPMENT_TEAM = 6NQ3SKX8FS;
				ENABLE_NS_ASSERTIONS = NO;
				ENABLE_STRICT_OBJC_MSGSEND = YES;
				ENABLE_USER_SCRIPT_SANDBOXING = YES;
				GCC_C_LANGUAGE_STANDARD = gnu17;
				GCC_NO_COMMON_BLOCKS = YES;
				GCC_WARN_64_TO_32_BIT_CONVERSION = YES;
				GCC_WARN_ABOUT_RETURN_TYPE = YES_ERROR;
				GCC_WARN_UNDECLARED_SELECTOR = YES;
				GCC_WARN_UNINITIALIZED_AUTOS = YES_AGGRESSIVE;
				GCC_WARN_UNUSED_FUNCTION = YES;
				GCC_WARN_UNUSED_VARIABLE = YES;
				IPHONEOS_DEPLOYMENT_TARGET = 18.5;
				LOCALIZATION_PREFERS_STRING_CATALOGS = YES;
				MTL_ENABLE_DEBUG_INFO = NO;
				MTL_FAST_MATH = YES;
				SDKROOT = iphoneos;
				SWIFT_COMPILATION_MODE = wholemodule;
				VALIDATE_PRODUCT = YES;
			};
			name = Release;
		};
		48B2CCD82E5EACBA00D5686E /* Debug */ = {
			isa = XCBuildConfiguration;
			buildSettings = {
				ASSETCATALOG_COMPILER_APPICON_NAME = AppIcon;
				ASSETCATALOG_COMPILER_GLOBAL_ACCENT_COLOR_NAME = AccentColor;
				CODE_SIGN_STYLE = Automatic;
				CURRENT_PROJECT_VERSION = 1;
				DEVELOPMENT_TEAM = 6NQ3SKX8FS;
				GENERATE_INFOPLIST_FILE = YES;
				INFOPLIST_KEY_NSCameraUsageDescription = "";
				INFOPLIST_KEY_UIApplicationSupportsIndirectInputEvents = YES;
				INFOPLIST_KEY_UIMainStoryboardFile = Main;
				INFOPLIST_KEY_UIRequiredDeviceCapabilities = arkit;
				INFOPLIST_KEY_UIStatusBarHidden = YES;
				INFOPLIST_KEY_UISupportedInterfaceOrientations_iPad = "UIInterfaceOrientationPortrait UIInterfaceOrientationPortraitUpsideDown UIInterfaceOrientationLandscapeLeft UIInterfaceOrientationLandscapeRight";
				INFOPLIST_KEY_UISupportedInterfaceOrientations_iPhone = "UIInterfaceOrientationPortrait UIInterfaceOrientationLandscapeLeft UIInterfaceOrientationLandscapeRight";
				LD_RUNPATH_SEARCH_PATHS = (
					"$(inherited)",
					"@executable_path/Frameworks",
				);
				MARKETING_VERSION = 1.0;
				PRODUCT_BUNDLE_IDENTIFIER = com.yourname.heightmeasureapp.HeightMeasureApp;
				PRODUCT_NAME = "$(TARGET_NAME)";
				SWIFT_EMIT_LOC_STRINGS = YES;
				SWIFT_VERSION = 5.0;
				TARGETED_DEVICE_FAMILY = "1,2";
			};
			name = Debug;
		};
		48B2CCD92E5EACBA00D5686E /* Release */ = {
			isa = XCBuildConfiguration;
			buildSettings = {
				ASSETCATALOG_COMPILER_APPICON_NAME = AppIcon;
				ASSETCATALOG_COMPILER_GLOBAL_ACCENT_COLOR_NAME = AccentColor;
				CODE_SIGN_STYLE = Automatic;
				CURRENT_PROJECT_VERSION = 1;
				DEVELOPMENT_TEAM = 6NQ3SKX8FS;
				GENERATE_INFOPLIST_FILE = YES;
				INFOPLIST_KEY_NSCameraUsageDescription = "";
				INFOPLIST_KEY_UIApplicationSupportsIndirectInputEvents = YES;
				INFOPLIST_KEY_UIMainStoryboardFile = Main;
				INFOPLIST_KEY_UIRequiredDeviceCapabilities = arkit;
				INFOPLIST_KEY_UIStatusBarHidden = YES;
				INFOPLIST_KEY_UISupportedInterfaceOrientations_iPad = "UIInterfaceOrientationPortrait UIInterfaceOrientationPortraitUpsideDown UIInterfaceOrientationLandscapeLeft UIInterfaceOrientationLandscapeRight";
				INFOPLIST_KEY_UISupportedInterfaceOrientations_iPhone = "UIInterfaceOrientationPortrait UIInterfaceOrientationLandscapeLeft UIInterfaceOrientationLandscapeRight";
				LD_RUNPATH_SEARCH_PATHS = (
					"$(inherited)",
					"@executable_path/Frameworks",
				);
				MARKETING_VERSION = 1.0;
				PRODUCT_BUNDLE_IDENTIFIER = com.yourname.heightmeasureapp.HeightMeasureApp;
				PRODUCT_NAME = "$(TARGET_NAME)";
				SWIFT_EMIT_LOC_STRINGS = YES;
				SWIFT_VERSION = 5.0;
				TARGETED_DEVICE_FAMILY = "1,2";
			};
			name = Release;
		};
		48B2CCDB2E5EACBA00D5686E /* Debug */ = {
			isa = XCBuildConfiguration;
			buildSettings = {
				BUNDLE_LOADER = "$(TEST_HOST)";
				CODE_SIGN_STYLE = Automatic;
				CURRENT_PROJECT_VERSION = 1;
				DEVELOPMENT_TEAM = 6NQ3SKX8FS;
				GENERATE_INFOPLIST_FILE = YES;
				IPHONEOS_DEPLOYMENT_TARGET = 18.5;
				MARKETING_VERSION = 1.0;
				PRODUCT_BUNDLE_IDENTIFIER = com.yourname.heightmeasureapp.HeightMeasureAppTests;
				PRODUCT_NAME = "$(TARGET_NAME)";
				SWIFT_EMIT_LOC_STRINGS = NO;
				SWIFT_VERSION = 5.0;
				TARGETED_DEVICE_FAMILY = "1,2";
				TEST_HOST = "$(BUILT_PRODUCTS_DIR)/HeightMeasureApp.app/$(BUNDLE_EXECUTABLE_FOLDER_PATH)/HeightMeasureApp";
			};
			name = Debug;
		};
		48B2CCDC2E5EACBA00D5686E /* Release */ = {
			isa = XCBuildConfiguration;
			buildSettings = {
				BUNDLE_LOADER = "$(TEST_HOST)";
				CODE_SIGN_STYLE = Automatic;
				CURRENT_PROJECT_VERSION = 1;
				DEVELOPMENT_TEAM = 6NQ3SKX8FS;
				GENERATE_INFOPLIST_FILE = YES;
				IPHONEOS_DEPLOYMENT_TARGET = 18.5;
				MARKETING_VERSION = 1.0;
				PRODUCT_BUNDLE_IDENTIFIER = com.yourname.heightmeasureapp.HeightMeasureAppTests;
				PRODUCT_NAME = "$(TARGET_NAME)";
				SWIFT_EMIT_LOC_STRINGS = NO;
				SWIFT_VERSION = 5.0;
				TARGETED_DEVICE_FAMILY = "1,2";
				TEST_HOST = "$(BUILT_PRODUCTS_DIR)/HeightMeasureApp.app/$(BUNDLE_EXECUTABLE_FOLDER_PATH)/HeightMeasureApp";
			};
			name = Release;
		};
		48B2CCDE2E5EACBA00D5686E /* Debug */ = {
			isa = XCBuildConfiguration;
			buildSettings = {
				CODE_SIGN_STYLE = Automatic;
				CURRENT_PROJECT_VERSION = 1;
				DEVELOPMENT_TEAM = 6NQ3SKX8FS;
				GENERATE_INFOPLIST_FILE = YES;
				MARKETING_VERSION = 1.0;
				PRODUCT_BUNDLE_IDENTIFIER = com.yourname.heightmeasureapp.HeightMeasureAppUITests;
				PRODUCT_NAME = "$(TARGET_NAME)";
				SWIFT_EMIT_LOC_STRINGS = NO;
				SWIFT_VERSION = 5.0;
				TARGETED_DEVICE_FAMILY = "1,2";
				TEST_TARGET_NAME = HeightMeasureApp;
			};
			name = Debug;
		};
		48B2CCDF2E5EACBA00D5686E /* Release */ = {
			isa = XCBuildConfiguration;
			buildSettings = {
				CODE_SIGN_STYLE = Automatic;
				CURRENT_PROJECT_VERSION = 1;
				DEVELOPMENT_TEAM = 6NQ3SKX8FS;
				GENERATE_INFOPLIST_FILE = YES;
				MARKETING_VERSION = 1.0;
				PRODUCT_BUNDLE_IDENTIFIER = com.yourname.heightmeasureapp.HeightMeasureAppUITests;
				PRODUCT_NAME = "$(TARGET_NAME)";
				SWIFT_EMIT_LOC_STRINGS = NO;
				SWIFT_VERSION = 5.0;
				TARGETED_DEVICE_FAMILY = "1,2";
				TEST_TARGET_NAME = HeightMeasureApp;
			};
			name = Release;
		};
/* End XCBuildConfiguration section */

/* Begin XCConfigurationList section */
		48B2CCAC2E5EACB800D5686E /* Build configuration list for PBXProject "HeightMeasureApp" */ = {
			isa = XCConfigurationList;
			buildConfigurations = (
				48B2CCD52E5EACBA00D5686E /* Debug */,
				48B2CCD62E5EACBA00D5686E /* Release */,
			);
			defaultConfigurationIsVisible = 0;
			defaultConfigurationName = Release;
		};
		48B2CCD72E5EACBA00D5686E /* Build configuration list for PBXNativeTarget "HeightMeasureApp" */ = {
			isa = XCConfigurationList;
			buildConfigurations = (
				48B2CCD82E5EACBA00D5686E /* Debug */,
				48B2CCD92E5EACBA00D5686E /* Release */,
			);
			defaultConfigurationIsVisible = 0;
			defaultConfigurationName = Release;
		};
		48B2CCDA2E5EACBA00D5686E /* Build configuration list for PBXNativeTarget "HeightMeasureAppTests" */ = {
			isa = XCConfigurationList;
			buildConfigurations = (
				48B2CCDB2E5EACBA00D5686E /* Debug */,
				48B2CCDC2E5EACBA00D5686E /* Release */,
			);
			defaultConfigurationIsVisible = 0;
			defaultConfigurationName = Release;
		};
		48B2CCDD2E5EACBA00D5686E /* Build configuration list for PBXNativeTarget "HeightMeasureAppUITests" */ = {
			isa = XCConfigurationList;
			buildConfigurations = (
				48B2CCDE2E5EACBA00D5686E /* Debug */,
				48B2CCDF2E5EACBA00D5686E /* Release */,
			);
			defaultConfigurationIsVisible = 0;
			defaultConfigurationName = Release;
		};
/* End XCConfigurationList section */
	};
	rootObject = 48B2CCA92E5EACB800D5686E /* Project object */;
}
